
Microsoft Visual Studio Solution File, Format Version 12.00
# Visual Studio Version 17
VisualStudioVersion = 17.9.34728.123
MinimumVisualStudioVersion = 10.0.40219.1
Project("{9A19103F-16F7-4668-BE54-9A1E7A4F7556}") = "DataAccessLayer", "DataAccessLayer\DataAccessLayer.csproj", "{B343DB85-598D-4B80-8452-719299FC72EE}"
EndProject
Project("{9A19103F-16F7-4668-BE54-9A1E7A4F7556}") = "BusinessLayer", "BusinessLayer\BusinessLayer.csproj", "{885CED15-B46F-47B4-88E9-ECDF6AD3F738}"
EndProject
Project("{9A19103F-16F7-4668-BE54-9A1E7A4F7556}") = "UI", "UI\UI.csproj", "{1802A58C-63E5-490A-A0E1-B6CFD4553DD3}"
EndProject
Global
	GlobalSection(SolutionConfigurationPlatforms) = preSolution
		Debug|Any CPU = Debug|Any CPU
		Release|Any CPU = Release|Any CPU
	EndGlobalSection
	GlobalSection(ProjectConfigurationPlatforms) = postSolution
		{B343DB85-598D-4B80-8452-719299FC72EE}.Debug|Any CPU.ActiveCfg = Debug|Any CPU
		{B343DB85-598D-4B80-8452-719299FC72EE}.Debug|Any CPU.Build.0 = Debug|Any CPU
		{B343DB85-598D-4B80-8452-719299FC72EE}.Release|Any CPU.ActiveCfg = Release|Any CPU
		{B343DB85-598D-4B80-8452-719299FC72EE}.Release|Any CPU.Build.0 = Release|Any CPU
		{885CED15-B46F-47B4-88E9-ECDF6AD3F738}.Debug|Any CPU.ActiveCfg = Debug|Any CPU
		{885CED15-B46F-47B4-88E9-ECDF6AD3F738}.Debug|Any CPU.Build.0 = Debug|Any CPU
		{885CED15-B46F-47B4-88E9-ECDF6AD3F738}.Release|Any CPU.ActiveCfg = Release|Any CPU
		{885CED15-B46F-47B4-88E9-ECDF6AD3F738}.Release|Any CPU.Build.0 = Release|Any CPU
		{1802A58C-63E5-490A-A0E1-B6CFD4553DD3}.Debug|Any CPU.ActiveCfg = Debug|Any CPU
		{1802A58C-63E5-490A-A0E1-B6CFD4553DD3}.Debug|Any CPU.Build.0 = Debug|Any CPU
		{1802A58C-63E5-490A-A0E1-B6CFD4553DD3}.Release|Any CPU.ActiveCfg = Release|Any CPU
		{1802A58C-63E5-490A-A0E1-B6CFD4553DD3}.Release|Any CPU.Build.0 = Release|Any CPU
	EndGlobalSection
	GlobalSection(SolutionProperties) = preSolution
		HideSolutionNode = FALSE
	EndGlobalSection
	GlobalSection(ExtensibilityGlobals) = postSolution
		SolutionGuid = {710A5DDF-10D6-4305-AFDD-77C10041A9AD}
	EndGlobalSection
EndGlobal
